// !$*UTF8*$!
{
	archiveVersion = 1;
	classes = {
	};
	objectVersion = 50;
	objects = {

/* Begin PBXBuildFile section */
		01E242E82457FF2E000AC413 /* AppDelegate.swift in Sources */ = {isa = PBXBuildFile; fileRef = 01E242E72457FF2E000AC413 /* AppDelegate.swift */; };
		01E242EA2457FF2E000AC413 /* SceneDelegate.swift in Sources */ = {isa = PBXBuildFile; fileRef = 01E242E92457FF2E000AC413 /* SceneDelegate.swift */; };
		01E242EC2457FF2E000AC413 /* ViewController.swift in Sources */ = {isa = PBXBuildFile; fileRef = 01E242EB2457FF2E000AC413 /* ViewController.swift */; };
		01E242EF2457FF2E000AC413 /* Main.storyboard in Resources */ = {isa = PBXBuildFile; fileRef = 01E242ED2457FF2E000AC413 /* Main.storyboard */; };
		01E242F12457FF32000AC413 /* Assets.xcassets in Resources */ = {isa = PBXBuildFile; fileRef = 01E242F02457FF32000AC413 /* Assets.xcassets */; };
		01E242F42457FF32000AC413 /* LaunchScreen.storyboard in Resources */ = {isa = PBXBuildFile; fileRef = 01E242F22457FF32000AC413 /* LaunchScreen.storyboard */; };
		01E242FC24582D25000AC413 /* magic.sks in Resources */ = {isa = PBXBuildFile; fileRef = 01E242FB24582D25000AC413 /* magic.sks */; };
/* End PBXBuildFile section */

/* Begin PBXFileReference section */
		01E242E42457FF2E000AC413 /* SliderCircle.app */ = {isa = PBXFileReference; explicitFileType = wrapper.application; includeInIndex = 0; path = SliderCircle.app; sourceTree = BUILT_PRODUCTS_DIR; };
		01E242E72457FF2E000AC413 /* AppDelegate.swift */ = {isa = PBXFileReference; lastKnownFileType = sourcecode.swift; path = AppDelegate.swift; sourceTree = "<group>"; };
		01E242E92457FF2E000AC413 /* SceneDelegate.swift */ = {isa = PBXFileReference; lastKnownFileType = sourcecode.swift; path = SceneDelegate.swift; sourceTree = "<group>"; };
		01E242EB2457FF2E000AC413 /* ViewController.swift */ = {isa = PBXFileReference; lastKnownFileType = sourcecode.swift; path = ViewController.swift; sourceTree = "<group>"; };
		01E242EE2457FF2E000AC413 /* Base */ = {isa = PBXFileReference; lastKnownFileType = file.storyboard; name = Base; path = Base.lproj/Main.storyboard; sourceTree = "<group>"; };
		01E242F02457FF32000AC413 /* Assets.xcassets */ = {isa = PBXFileReference; lastKnownFileType = folder.assetcatalog; path = Assets.xcassets; sourceTree = "<group>"; };
		01E242F32457FF32000AC413 /* Base */ = {isa = PBXFileReference; lastKnownFileType = file.storyboard; name = Base; path = Base.lproj/LaunchScreen.storyboard; sourceTree = "<group>"; };
		01E242F52457FF32000AC413 /* Info.plist */ = {isa = PBXFileReference; lastKnownFileType = text.plist.xml; path = Info.plist; sourceTree = "<group>"; };
		01E242FB24582D25000AC413 /* magic.sks */ = {isa = PBXFileReference; lastKnownFileType = file.sks; path = magic.sks; sourceTree = "<group>"; };
/* End PBXFileReference section */

/* Begin PBXFrameworksBuildPhase section */
		01E242E12457FF2E000AC413 /* Frameworks */ = {
			isa = PBXFrameworksBuildPhase;
			buildActionMask = 2147483647;
			files = (
			);
			runOnlyForDeploymentPostprocessing = 0;
		};
/* End PBXFrameworksBuildPhase section */

/* Begin PBXGroup section */
		01E242DB2457FF2E000AC413 = {
			isa = PBXGroup;
			children = (
				01E242E62457FF2E000AC413 /* SliderCircle */,
				01E242E52457FF2E000AC413 /* Products */,
			);
			sourceTree = "<group>";
		};
		01E242E52457FF2E000AC413 /* Products */ = {
			isa = PBXGroup;
			children = (
				01E242E42457FF2E000AC413 /* SliderCircle.app */,
			);
			name = Products;
			sourceTree = "<group>";
		};
		01E242E62457FF2E000AC413 /* SliderCircle */ = {
			isa = PBXGroup;
			children = (
				01E242E72457FF2E000AC413 /* AppDelegate.swift */,
				01E242E92457FF2E000AC413 /* SceneDelegate.swift */,
				01E242EB2457FF2E000AC413 /* ViewController.swift */,
				01E242ED2457FF2E000AC413 /* Main.storyboard */,
				01E242FB24582D25000AC413 /* magic.sks */,
				01E242F02457FF32000AC413 /* Assets.xcassets */,
				01E242F22457FF32000AC413 /* LaunchScreen.storyboard */,
				01E242F52457FF32000AC413 /* Info.plist */,
			);
			path = SliderCircle;
			sourceTree = "<group>";
		};
/* End PBXGroup section */

/* Begin PBXNativeTarget section */
		01E242E32457FF2E000AC413 /* SliderCircle */ = {
			isa = PBXNativeTarget;
			buildConfigurationList = 01E242F82457FF32000AC413 /* Build configuration list for PBXNativeTarget "SliderCircle" */;
			buildPhases = (
				01E242E02457FF2E000AC413 /* Sources */,
				01E242E12457FF2E000AC413 /* Frameworks */,
				01E242E22457FF2E000AC413 /* Resources */,
			);
			buildRules = (
			);
			dependencies = (
			);
			name = SliderCircle;
			productName = SliderCircle;
			productReference = 01E242E42457FF2E000AC413 /* SliderCircle.app */;
			productType = "com.apple.product-type.application";
		};
/* End PBXNativeTarget section */

/* Begin PBXProject section */
		01E242DC2457FF2E000AC413 /* Project object */ = {
			isa = PBXProject;
			attributes = {
				LastSwiftUpdateCheck = 1140;
				LastUpgradeCheck = 1140;
				ORGANIZATIONNAME = NewIdea;
				TargetAttributes = {
					01E242E32457FF2E000AC413 = {
						CreatedOnToolsVersion = 11.4.1;
					};
				};
			};
			buildConfigurationList = 01E242DF2457FF2E000AC413 /* Build configuration list for PBXProject "SliderCircle" */;
			compatibilityVersion = "Xcode 9.3";
			developmentRegion = en;
			hasScannedForEncodings = 0;
			knownRegions = (
				en,
				Base,
			);
			mainGroup = 01E242DB2457FF2E000AC413;
			productRefGroup = 01E242E52457FF2E000AC413 /* Products */;
			projectDirPath = "";
			projectRoot = "";
			targets = (
				01E242E32457FF2E000AC413 /* SliderCircle */,
			);
		};
/* End PBXProject section */

/* Begin PBXResourcesBuildPhase section */
		01E242E22457FF2E000AC413 /* Resources */ = {
			isa = PBXResourcesBuildPhase;
			buildActionMask = 2147483647;
			files = (
				01E242F42457FF32000AC413 /* LaunchScreen.storyboard in Resources */,
				01E242FC24582D25000AC413 /* magic.sks in Resources */,
				01E242F12457FF32000AC413 /* Assets.xcassets in Resources */,
				01E242EF2457FF2E000AC413 /* Main.storyboard in Resources */,
			);
			runOnlyForDeploymentPostprocessing = 0;
		};
/* End PBXResourcesBuildPhase section */

/* Begin PBXSourcesBuildPhase section */
		01E242E02457FF2E000AC413 /* Sources */ = {
			isa = PBXSourcesBuildPhase;
			buildActionMask = 2147483647;
			files = (
				01E242EC2457FF2E000AC413 /* ViewController.swift in Sources */,
				01E242E82457FF2E000AC413 /* AppDelegate.swift in Sources */,
				01E242EA2457FF2E000AC413 /* SceneDelegate.swift in Sources */,
			);
			runOnlyForDeploymentPostprocessing = 0;
		};
/* End PBXSourcesBuildPhase section */

/* Begin PBXVariantGroup section */
		01E242ED2457FF2E000AC413 /* Main.storyboard */ = {
			isa = PBXVariantGroup;
			children = (
				01E242EE2457FF2E000AC413 /* Base */,
			);
			name = Main.storyboard;
			sourceTree = "<group>";
		};
		01E242F22457FF32000AC413 /* LaunchScreen.storyboard */ = {
			isa = PBXVariantGroup;
			children = (
				01E242F32457FF32000AC413 /* Base */,
			);
			name = LaunchScreen.storyboard;
			sourceTree = "<group>";
		};
/* End PBXVariantGroup section */

/* Begin XCBuildConfiguration section */
		01E242F62457FF32000AC413 /* Debug */ = {
			isa = XCBuildConfiguration;
			buildSettings = {
				ALWAYS_SEARCH_USER_PATHS = NO;
				CLANG_ANALYZER_NONNULL = YES;
				CLANG_ANALYZER_NUMBER_OBJECT_CONVERSION = YES_AGGRESSIVE;
				CLANG_CXX_LANGUAGE_STANDARD = "gnu++14";
				CLANG_CXX_LIBRARY = "libc++";
				CLANG_ENABLE_MODULES = YES;
				CLANG_ENABLE_OBJC_ARC = YES;
				CLANG_ENABLE_OBJC_WEAK = YES;
				CLANG_WARN_BLOCK_CAPTURE_AUTORELEASING = YES;
				CLANG_WARN_BOOL_CONVERSION = YES;
				CLANG_WARN_COMMA = YES;
				CLANG_WARN_CONSTANT_CONVERSION = YES;
				CLANG_WARN_DEPRECATED_OBJC_IMPLEMENTATIONS = YES;
				CLANG_WARN_DIRECT_OBJC_ISA_USAGE = YES_ERROR;
				CLANG_WARN_DOCUMENTATION_COMMENTS = YES;
				CLANG_WARN_EMPTY_BODY = YES;
				CLANG_WARN_ENUM_CONVERSION = YES;
				CLANG_WARN_INFINITE_RECURSION = YES;
				CLANG_WARN_INT_CONVERSION = YES;
				CLANG_WARN_NON_LITERAL_NULL_CONVERSION = YES;
				CLANG_WARN_OBJC_IMPLICIT_RETAIN_SELF = YES;
				CLANG_WARN_OBJC_LITERAL_CONVERSION = YES;
				CLANG_WARN_OBJC_ROOT_CLASS = YES_ERROR;
				CLANG_WARN_RANGE_LOOP_ANALYSIS = YES;
				CLANG_WARN_STRICT_PROTOTYPES = YES;
				CLANG_WARN_SUSPICIOUS_MOVE = YES;
				CLANG_WARN_UNGUARDED_AVAILABILITY = YES_AGGRESSIVE;
				CLANG_WARN_UNREACHABLE_CODE = YES;
				CLANG_WARN__DUPLICATE_METHOD_MATCH = YES;
				COPY_PHASE_STRIP = NO;
				DEBUG_INFORMATION_FORMAT = dwarf;
				ENABLE_STRICT_OBJC_MSGSEND = YES;
				ENABLE_TESTABILITY = YES;
				GCC_C_LANGUAGE_STANDARD = gnu11;
				GCC_DYNAMIC_NO_PIC = NO;
				GCC_NO_COMMON_BLOCKS = YES;
				GCC_OPTIMIZATION_LEVEL = 0;
				GCC_PREPROCESSOR_DEFINITIONS = (
					"DEBUG=1",
					"$(inherited)",
				);
				GCC_WARN_64_TO_32_BIT_CONVERSION = YES;
				GCC_WARN_ABOUT_RETURN_TYPE = YES_ERROR;
				GCC_WARN_UNDECLARED_SELECTOR = YES;
				GCC_WARN_UNINITIALIZED_AUTOS = YES_AGGRESSIVE;
				GCC_WARN_UNUSED_FUNCTION = YES;
				GCC_WARN_UNUSED_VARIABLE = YES;
				IPHONEOS_DEPLOYMENT_TARGET = 13.4;
				MTL_ENABLE_DEBUG_INFO = INCLUDE_SOURCE;
				MTL_FAST_MATH = YES;
				ONLY_ACTIVE_ARCH = YES;
				SDKROOT = iphoneos;
				SWIFT_ACTIVE_COMPILATION_CONDITIONS = DEBUG;
				SWIFT_OPTIMIZATION_LEVEL = "-Onone";
			};
			name = Debug;
		};
		01E242F72457FF32000AC413 /* Release */ = {
			isa = XCBuildConfiguration;
			buildSettings = {
				ALWAYS_SEARCH_USER_PATHS = NO;
				CLANG_ANALYZER_NONNULL = YES;
				CLANG_ANALYZER_NUMBER_OBJECT_CONVERSION = YES_AGGRESSIVE;
				CLANG_CXX_LANGUAGE_STANDARD = "gnu++14";
				CLANG_CXX_LIBRARY = "libc++";
				CLANG_ENABLE_MODULES = YES;
				CLANG_ENABLE_OBJC_ARC = YES;
				CLANG_ENABLE_OBJC_WEAK = YES;
				CLANG_WARN_BLOCK_CAPTURE_AUTORELEASING = YES;
				CLANG_WARN_BOOL_CONVERSION = YES;
				CLANG_WARN_COMMA = YES;
				CLANG_WARN_CONSTANT_CONVERSION = YES;
				CLANG_WARN_DEPRECATED_OBJC_IMPLEMENTATIONS = YES;
				CLANG_WARN_DIRECT_OBJC_ISA_USAGE = YES_ERROR;
				CLANG_WARN_DOCUMENTATION_COMMENTS = YES;
				CLANG_WARN_EMPTY_BODY = YES;
				CLANG_WARN_ENUM_CONVERSION = YES;
				CLANG_WARN_INFINITE_RECURSION = YES;
				CLANG_WARN_INT_CONVERSION = YES;
				CLANG_WARN_NON_LITERAL_NULL_CONVERSION = YES;
				CLANG_WARN_OBJC_IMPLICIT_RETAIN_SELF = YES;
				CLANG_WARN_OBJC_LITERAL_CONVERSION = YES;
				CLANG_WARN_OBJC_ROOT_CLASS = YES_ERROR;
				CLANG_WARN_RANGE_LOOP_ANALYSIS = YES;
				CLANG_WARN_STRICT_PROTOTYPES = YES;
				CLANG_WARN_SUSPICIOUS_MOVE = YES;
				CLANG_WARN_UNGUARDED_AVAILABILITY = YES_AGGRESSIVE;
				CLANG_WARN_UNREACHABLE_CODE = YES;
				CLANG_WARN__DUPLICATE_METHOD_MATCH = YES;
				COPY_PHASE_STRIP = NO;
				DEBUG_INFORMATION_FORMAT = "dwarf-with-dsym";
				ENABLE_NS_ASSERTIONS = NO;
				ENABLE_STRICT_OBJC_MSGSEND = YES;
				GCC_C_LANGUAGE_STANDARD = gnu11;
				GCC_NO_COMMON_BLOCKS = YES;
				GCC_WARN_64_TO_32_BIT_CONVERSION = YES;
				GCC_WARN_ABOUT_RETURN_TYPE = YES_ERROR;
				GCC_WARN_UNDECLARED_SELECTOR = YES;
				GCC_WARN_UNINITIALIZED_AUTOS = YES_AGGRESSIVE;
				GCC_WARN_UNUSED_FUNCTION = YES;
				GCC_WARN_UNUSED_VARIABLE = YES;
				IPHONEOS_DEPLOYMENT_TARGET = 13.4;
				MTL_ENABLE_DEBUG_INFO = NO;
				MTL_FAST_MATH = YES;
				SDKROOT = iphoneos;
				SWIFT_COMPILATION_MODE = wholemodule;
				SWIFT_OPTIMIZATION_LEVEL = "-O";
				VALIDATE_PRODUCT = YES;
			};
			name = Release;
		};
		01E242F92457FF32000AC413 /* Debug */ = {
			isa = XCBuildConfiguration;
			buildSettings = {
				ASSETCATALOG_COMPILER_APPICON_NAME = AppIcon;
				CODE_SIGN_STYLE = Automatic;
				DEVELOPMENT_TEAM = C39BVS447M;
				INFOPLIST_FILE = SliderCircle/Info.plist;
				LD_RUNPATH_SEARCH_PATHS = (
					"$(inherited)",
					"@executable_path/Frameworks",
				);
				PRODUCT_BUNDLE_IDENTIFIER = com.NewIdea.SliderCircle;
				PRODUCT_NAME = "$(TARGET_NAME)";
				SWIFT_VERSION = 5.0;
				TARGETED_DEVICE_FAMILY = "1,2";
			};
			name = Debug;
		};
		01E242FA2457FF32000AC413 /* Release */ = {
			isa = XCBuildConfiguration;
			buildSettings = {
				ASSETCATALOG_COMPILER_APPICON_NAME = AppIcon;
				CODE_SIGN_STYLE = Automatic;
				DEVELOPMENT_TEAM = C39BVS447M;
				INFOPLIST_FILE = SliderCircle/Info.plist;
				LD_RUNPATH_SEARCH_PATHS = (
					"$(inherited)",
					"@executable_path/Frameworks",
				);
				PRODUCT_BUNDLE_IDENTIFIER = com.NewIdea.SliderCircle;
				PRODUCT_NAME = "$(TARGET_NAME)";
				SWIFT_VERSION = 5.0;
				TARGETED_DEVICE_FAMILY = "1,2";
			};
			name = Release;
		};
/* End XCBuildConfiguration section */

/* Begin XCConfigurationList section */
		01E242DF2457FF2E000AC413 /* Build configuration list for PBXProject "SliderCircle" */ = {
			isa = XCConfigurationList;
			buildConfigurations = (
				01E242F62457FF32000AC413 /* Debug */,
				01E242F72457FF32000AC413 /* Release */,
			);
			defaultConfigurationIsVisible = 0;
			defaultConfigurationName = Release;
		};
		01E242F82457FF32000AC413 /* Build configuration list for PBXNativeTarget "SliderCircle" */ = {
			isa = XCConfigurationList;
			buildConfigurations = (
				01E242F92457FF32000AC413 /* Debug */,
				01E242FA2457FF32000AC413 /* Release */,
			);
			defaultConfigurationIsVisible = 0;
			defaultConfigurationName = Release;
		};
/* End XCConfigurationList section */
	};
	rootObject = 01E242DC2457FF2E000AC413 /* Project object */;
}
